
Microsoft Visual Studio Solution File, Format Version 12.00
# Visual Studio Version 17
VisualStudioVersion = 17.0.31410.414
MinimumVisualStudioVersion = 10.0.40219.1
Project("{FAE04EC0-301F-11D3-BF4B-00C04F79EFBC}") = "Factoy Method", "Factoy Method\Factoy Method.csproj", "{5C3D27AF-808E-4F5E-A94F-1E1986E7B378}"
EndProject
Global
	GlobalSection(SolutionConfigurationPlatforms) = preSolution
		Debug|Any CPU = Debug|Any CPU
		Release|Any CPU = Release|Any CPU
	EndGlobalSection
	GlobalSection(ProjectConfigurationPlatforms) = postSolution
		{5C3D27AF-808E-4F5E-A94F-1E1986E7B378}.Debug|Any CPU.ActiveCfg = Debug|Any CPU
		{5C3D27AF-808E-4F5E-A94F-1E1986E7B378}.Debug|Any CPU.Build.0 = Debug|Any CPU
		{5C3D27AF-808E-4F5E-A94F-1E1986E7B378}.Release|Any CPU.ActiveCfg = Release|Any CPU
		{5C3D27AF-808E-4F5E-A94F-1E1986E7B378}.Release|Any CPU.Build.0 = Release|Any CPU
	EndGlobalSection
	GlobalSection(SolutionProperties) = preSolution
		HideSolutionNode = FALSE
	EndGlobalSection
	GlobalSection(ExtensibilityGlobals) = postSolution
		SolutionGuid = {29B48793-74C1-404A-926F-7834BD9CC75C}
	EndGlobalSection
EndGlobal
