
Microsoft Visual Studio Solution File, Format Version 12.00
# Visual Studio Version 16
VisualStudioVersion = 16.0.31321.278
MinimumVisualStudioVersion = 10.0.40219.1
Project("{FAE04EC0-301F-11D3-BF4B-00C04F79EFBC}") = "Singleton", "Singleton\Singleton.csproj", "{A9D6B96C-54DB-496D-B97D-CE0D05151BA1}"
EndProject
Global
	GlobalSection(SolutionConfigurationPlatforms) = preSolution
		Debug|Any CPU = Debug|Any CPU
		Release|Any CPU = Release|Any CPU
	EndGlobalSection
	GlobalSection(ProjectConfigurationPlatforms) = postSolution
		{A9D6B96C-54DB-496D-B97D-CE0D05151BA1}.Debug|Any CPU.ActiveCfg = Debug|Any CPU
		{A9D6B96C-54DB-496D-B97D-CE0D05151BA1}.Debug|Any CPU.Build.0 = Debug|Any CPU
		{A9D6B96C-54DB-496D-B97D-CE0D05151BA1}.Release|Any CPU.ActiveCfg = Release|Any CPU
		{A9D6B96C-54DB-496D-B97D-CE0D05151BA1}.Release|Any CPU.Build.0 = Release|Any CPU
	EndGlobalSection
	GlobalSection(SolutionProperties) = preSolution
		HideSolutionNode = FALSE
	EndGlobalSection
	GlobalSection(ExtensibilityGlobals) = postSolution
		SolutionGuid = {C83032E7-569D-4415-9432-6CABA04227B1}
	EndGlobalSection
EndGlobal
